
Microsoft Visual Studio Solution File, Format Version 12.00
# Visual Studio Version 17
VisualStudioVersion = 17.2.32616.157
MinimumVisualStudioVersion = 10.0.40219.1
Project("{FAE04EC0-301F-11D3-BF4B-00C04F79EFBC}") = "CryptoMarketPlace", "CryptoMarketPlace\CryptoMarketPlace.csproj", "{2194C922-7858-4CC5-9A77-7DE62082E173}"
EndProject
Global
	GlobalSection(SolutionConfigurationPlatforms) = preSolution
		Debug|Any CPU = Debug|Any CPU
		Release|Any CPU = Release|Any CPU
	EndGlobalSection
	GlobalSection(ProjectConfigurationPlatforms) = postSolution
		{2194C922-7858-4CC5-9A77-7DE62082E173}.Debug|Any CPU.ActiveCfg = Debug|Any CPU
		{2194C922-7858-4CC5-9A77-7DE62082E173}.Debug|Any CPU.Build.0 = Debug|Any CPU
		{2194C922-7858-4CC5-9A77-7DE62082E173}.Release|Any CPU.ActiveCfg = Release|Any CPU
		{2194C922-7858-4CC5-9A77-7DE62082E173}.Release|Any CPU.Build.0 = Release|Any CPU
	EndGlobalSection
	GlobalSection(SolutionProperties) = preSolution
		HideSolutionNode = FALSE
	EndGlobalSection
	GlobalSection(ExtensibilityGlobals) = postSolution
		SolutionGuid = {36DC07DC-EBD6-4F13-896A-0155AE640DA9}
	EndGlobalSection
EndGlobal
